
Microsoft Visual Studio Solution File, Format Version 12.00
# Visual Studio 15
VisualStudioVersion = 15.0.27703.2000
MinimumVisualStudioVersion = 10.0.40219.1
Project("{FAE04EC0-301F-11D3-BF4B-00C04F79EFBC}") = "bulkinsert", "bulkinsert\bulkinsert.csproj", "{9601C2D1-1A24-49BB-A3A8-17FCF0AF7547}"
EndProject
Global
	GlobalSection(SolutionConfigurationPlatforms) = preSolution
		Debug|Any CPU = Debug|Any CPU
		Release|Any CPU = Release|Any CPU
	EndGlobalSection
	GlobalSection(ProjectConfigurationPlatforms) = postSolution
		{9601C2D1-1A24-49BB-A3A8-17FCF0AF7547}.Debug|Any CPU.ActiveCfg = Debug|Any CPU
		{9601C2D1-1A24-49BB-A3A8-17FCF0AF7547}.Debug|Any CPU.Build.0 = Debug|Any CPU
		{9601C2D1-1A24-49BB-A3A8-17FCF0AF7547}.Release|Any CPU.ActiveCfg = Release|Any CPU
		{9601C2D1-1A24-49BB-A3A8-17FCF0AF7547}.Release|Any CPU.Build.0 = Release|Any CPU
	EndGlobalSection
	GlobalSection(SolutionProperties) = preSolution
		HideSolutionNode = FALSE
	EndGlobalSection
	GlobalSection(ExtensibilityGlobals) = postSolution
		SolutionGuid = {7409E9CF-9903-4435-BD41-52C93066996B}
	EndGlobalSection
EndGlobal
